
Microsoft Visual Studio Solution File, Format Version 12.00
# Visual Studio Version 16
VisualStudioVersion = 16.0.30907.101
MinimumVisualStudioVersion = 10.0.40219.1
Project("{9A19103F-16F7-4668-BE54-9A1E7A4F7556}") = "Supernova", "Supernova.csproj", "{F4A2EAA5-C213-4925-8485-D6626759E672}"
EndProject
Global
	GlobalSection(SolutionConfigurationPlatforms) = preSolution
		Debug|Any CPU = Debug|Any CPU
		Release|Any CPU = Release|Any CPU
	EndGlobalSection
	GlobalSection(ProjectConfigurationPlatforms) = postSolution
		{F4A2EAA5-C213-4925-8485-D6626759E672}.Debug|Any CPU.ActiveCfg = Debug|Any CPU
		{F4A2EAA5-C213-4925-8485-D6626759E672}.Debug|Any CPU.Build.0 = Debug|Any CPU
		{F4A2EAA5-C213-4925-8485-D6626759E672}.Release|Any CPU.ActiveCfg = Release|Any CPU
		{F4A2EAA5-C213-4925-8485-D6626759E672}.Release|Any CPU.Build.0 = Release|Any CPU
	EndGlobalSection
	GlobalSection(SolutionProperties) = preSolution
		HideSolutionNode = FALSE
	EndGlobalSection
	GlobalSection(ExtensibilityGlobals) = postSolution
		SolutionGuid = {1DBC4793-4380-4DB0-98FA-36064CDDA6E5}
	EndGlobalSection
EndGlobal
