Microsoft Visual Studio Solution File, Format Version 12.00
# Visual Studio Version 17
VisualStudioVersion = 17.2.32602.215
MinimumVisualStudioVersion = 10.0.40219.1
Project("{9A19103F-16F7-4668-BE54-9A1E7A4F7556}") = "SupernovaMod", "SupernovaMod.csproj", "{3E4639B0-D514-4913-974F-7901AC35BE1E}"
EndProject
Global
	GlobalSection(SolutionConfigurationPlatforms) = preSolution
		Debug|Any CPU = Debug|Any CPU
		Release|Any CPU = Release|Any CPU
	EndGlobalSection
	GlobalSection(ProjectConfigurationPlatforms) = postSolution
		{3E4639B0-D514-4913-974F-7901AC35BE1E}.Debug|Any CPU.ActiveCfg = Debug|Any CPU
		{3E4639B0-D514-4913-974F-7901AC35BE1E}.Debug|Any CPU.Build.0 = Debug|Any CPU
		{3E4639B0-D514-4913-974F-7901AC35BE1E}.Release|Any CPU.ActiveCfg = Release|Any CPU
		{3E4639B0-D514-4913-974F-7901AC35BE1E}.Release|Any CPU.Build.0 = Release|Any CPU
	EndGlobalSection
	GlobalSection(SolutionProperties) = preSolution
		HideSolutionNode = FALSE
	EndGlobalSection
	GlobalSection(ExtensibilityGlobals) = postSolution
		SolutionGuid = {114F268E-0C0F-4A74-B658-8F9573471049}
	EndGlobalSection
EndGlobal
